{
    __meta__ = {
        version = "1.0"
    },
    ["windows|x64"] = {
        ["cmake >=3.11#f56260b5"] = {
            repo = {
                branch = "master",
                commit = "302bbd1b8e59927507a151cb21e4bd8733312ab0",
                url = "https://gitcode.com/xmake-io/xmake-repo.git"
            },
            version = "4.2.3"
        },
        ["ninja#f56260b5"] = {
            repo = {
                branch = "master",
                commit = "302bbd1b8e59927507a151cb21e4bd8733312ab0",
                url = "https://gitcode.com/xmake-io/xmake-repo.git"
            },
            version = "v1.13.1"
        },
        ["opengl#f56260b5"] = {
            repo = {
                branch = "master",
                commit = "302bbd1b8e59927507a151cb21e4bd8733312ab0",
                url = "https://gitcode.com/xmake-io/xmake-repo.git"
            },
            version = "latest"
        },
        ["raylib 5.5#f56260b5"] = {
            repo = {
                branch = "master",
                commit = "302bbd1b8e59927507a151cb21e4bd8733312ab0",
                url = "https://gitcode.com/xmake-io/xmake-repo.git"
            },
            version = "5.5"
        }
    }
}